
Microsoft Visual Studio Solution File, Format Version 12.00
# Visual Studio Version 16
VisualStudioVersion = 16.0.32602.291
MinimumVisualStudioVersion = 10.0.40219.1
Project("{FAE04EC0-301F-11D3-BF4B-00C04F79EFBC}") = "pruebadeencuestas", "pruebadeencuestas\pruebadeencuestas.csproj", "{AE89B673-370F-4E99-BB4B-697C40E5E0DA}"
EndProject
Global
	GlobalSection(SolutionConfigurationPlatforms) = preSolution
		Debug|Any CPU = Debug|Any CPU
		Release|Any CPU = Release|Any CPU
	EndGlobalSection
	GlobalSection(ProjectConfigurationPlatforms) = postSolution
		{AE89B673-370F-4E99-BB4B-697C40E5E0DA}.Debug|Any CPU.ActiveCfg = Debug|Any CPU
		{AE89B673-370F-4E99-BB4B-697C40E5E0DA}.Debug|Any CPU.Build.0 = Debug|Any CPU
		{AE89B673-370F-4E99-BB4B-697C40E5E0DA}.Release|Any CPU.ActiveCfg = Release|Any CPU
		{AE89B673-370F-4E99-BB4B-697C40E5E0DA}.Release|Any CPU.Build.0 = Release|Any CPU
	EndGlobalSection
	GlobalSection(SolutionProperties) = preSolution
		HideSolutionNode = FALSE
	EndGlobalSection
	GlobalSection(ExtensibilityGlobals) = postSolution
		SolutionGuid = {4267EA91-F8D9-496C-B27E-AB7FE934A606}
	EndGlobalSection
EndGlobal
